
Microsoft Visual Studio Solution File, Format Version 12.00
# Visual Studio Version 17
VisualStudioVersion = 17.14.36414.22
MinimumVisualStudioVersion = 10.0.40219.1
Project("{2150E333-8FDC-42A3-9474-1A3956D46DE8}") = "Task0", "Task0", "{36D591C7-65C7-A0D1-1CBC-10CDE441BDC8}"
EndProject
Project("{2150E333-8FDC-42A3-9474-1A3956D46DE8}") = "Task1", "Task1", "{29621999-0A49-4112-A7A6-F09C94B26DE1}"
EndProject
Project("{2150E333-8FDC-42A3-9474-1A3956D46DE8}") = "Task2", "Task2", "{A143FE47-73A9-47DE-98DE-F4660B6088CB}"
EndProject
Project("{2150E333-8FDC-42A3-9474-1A3956D46DE8}") = "Task3", "Task3", "{225D3AA4-D1CB-4FA2-8964-165E77542112}"
EndProject
Project("{2150E333-8FDC-42A3-9474-1A3956D46DE8}") = "Task4", "Task4", "{5C8B41BE-FBA1-4E74-9DAC-189992521B9A}"
EndProject
Project("{2150E333-8FDC-42A3-9474-1A3956D46DE8}") = "Task5", "Task5", "{77AF9199-B66A-4410-A3A6-B8834B9613DC}"
EndProject
Project("{2150E333-8FDC-42A3-9474-1A3956D46DE8}") = "Task6", "Task6", "{32D6AA7A-AD24-40A5-8292-E4189E04E056}"
EndProject
Project("{2150E333-8FDC-42A3-9474-1A3956D46DE8}") = "Task7", "Task7", "{C0745066-CBBC-41BC-8324-8B5DB663CC65}"
EndProject
Project("{FAE04EC0-301F-11D3-BF4B-00C04F79EFBC}") = "Tyuiu.LazutinVS.Sprint0.Task0.V0", "Tyuiu.LazutinVS.Sprint0.Task0.V0\Tyuiu.LazutinVS.Sprint0.Task0.V0.csproj", "{62F09DE8-E446-4DBD-89FF-15D6A2C61AA5}"
EndProject
Project("{FAE04EC0-301F-11D3-BF4B-00C04F79EFBC}") = "Tyuiu.LazutinVS.Sprint0.Task1.V0", "Tyuiu.LazutinVS.Sprint0.Task1.V0\Tyuiu.LazutinVS.Sprint0.Task1.V0.csproj", "{53327F43-9EDF-41B9-8B00-0EFC7F66B273}"
EndProject
Project("{FAE04EC0-301F-11D3-BF4B-00C04F79EFBC}") = "Tyuiu.LazutinVS.Sprint0.Task2.V0", "Tyuiu.LazutinVS.Sprint0.Task2.V0\Tyuiu.LazutinVS.Sprint0.Task2.V0.csproj", "{667A4ABB-1CEB-4AD4-ADC3-659173BCC2AC}"
EndProject
Project("{FAE04EC0-301F-11D3-BF4B-00C04F79EFBC}") = "Tyuiu.LazutinVS.Sprint0.Task2.V0.Lib", "Tyuiu.LazutinVS.Sprint0.Task2.V0.Lib\Tyuiu.LazutinVS.Sprint0.Task2.V0.Lib.csproj", "{B5BA2740-1D4D-450F-A4A1-8071F42206EF}"
EndProject
Project("{FAE04EC0-301F-11D3-BF4B-00C04F79EFBC}") = "Tyuiu.LazutinVS.Sprint0.Task2.V0.Test", "Tyuiu.LazutinVS.Sprint0.Task2.V0.Test\Tyuiu.LazutinVS.Sprint0.Task2.V0.Test.csproj", "{574798E5-C7CF-46BB-813B-00258676783B}"
EndProject
Project("{FAE04EC0-301F-11D3-BF4B-00C04F79EFBC}") = "Tyuiu.LazutinVS.Sprint0.Task3.V0.Lib", "Tyuiu.LazutinVS.Sprint0.Task3.V0.Lib\Tyuiu.LazutinVS.Sprint0.Task3.V0.Lib.csproj", "{1B819926-6D63-476B-B68B-635E40ED6BC4}"
EndProject
Project("{FAE04EC0-301F-11D3-BF4B-00C04F79EFBC}") = "Tyuiu.LazutinVS.Sprint0.Task3.V0.Test", "Tyuiu.LazutinVS.Sprint0.Task3.V0.Test\Tyuiu.LazutinVS.Sprint0.Task3.V0.Test.csproj", "{DDA4A8C0-B1E8-4CE5-A2D8-D8C60D1F562C}"
EndProject
Project("{FAE04EC0-301F-11D3-BF4B-00C04F79EFBC}") = "Tyuiu.LazutinVS.Sprint0.Task3.V0", "Tyuiu.LazutinVS.Sprint0.Task3.V0\Tyuiu.LazutinVS.Sprint0.Task3.V0.csproj", "{313C6CB6-A676-480A-9A2D-48EDB46A5A98}"
EndProject
Project("{FAE04EC0-301F-11D3-BF4B-00C04F79EFBC}") = "Tyuiu.LazutinVS.Sprint0.Task4.V0", "Tyuiu.LazutinVS.Sprint0.Task4.V0\Tyuiu.LazutinVS.Sprint0.Task4.V0.csproj", "{5FC76CFC-8AD6-4C95-900C-49188BBAE9FE}"
EndProject
Project("{FAE04EC0-301F-11D3-BF4B-00C04F79EFBC}") = "Tyuiu.LazutinVS.Sprint0.Task4.V0.Lib", "Tyuiu.LazutinVS.Sprint0.Task4.V0.Lib\Tyuiu.LazutinVS.Sprint0.Task4.V0.Lib.csproj", "{901F6C21-6391-404D-A14C-198F3E0D18E5}"
EndProject
Project("{FAE04EC0-301F-11D3-BF4B-00C04F79EFBC}") = "Tyuiu.LazutinVS.Sprint0.Task4.V0.Test", "Tyuiu.LazutinVS.Sprint0.Task4.V0.Test\Tyuiu.LazutinVS.Sprint0.Task4.V0.Test.csproj", "{4C6D1C55-E184-4A99-B972-D4B1299B4EAD}"
EndProject
Project("{FAE04EC0-301F-11D3-BF4B-00C04F79EFBC}") = "Tyuiu.LazutinVS.Sprint0.Task5.V0", "Tyuiu.LazutinVS.Sprint0.Task5.V0\Tyuiu.LazutinVS.Sprint0.Task5.V0.csproj", "{FC5FDB1C-54CF-4746-9741-90016EF54DF7}"
EndProject
Project("{FAE04EC0-301F-11D3-BF4B-00C04F79EFBC}") = "Tyuiu.LazutinVS.Sprint0.Task5.V0.Test", "Tyuiu.LazutinVS.Sprint0.Task5.V0.Test\Tyuiu.LazutinVS.Sprint0.Task5.V0.Test.csproj", "{0862E206-3AF9-4A7F-9F60-E5839970D168}"
EndProject
Project("{FAE04EC0-301F-11D3-BF4B-00C04F79EFBC}") = "Tyuiu.LazutinVS.Sprint0.Task5.V0.Lib", "Tyuiu.LazutinVS.Sprint0.Task5.V0.Lib\Tyuiu.LazutinVS.Sprint0.Task5.V0.Lib.csproj", "{B71616CE-1E49-46F2-AA8A-FE1C7CD6FDC0}"
EndProject
Project("{FAE04EC0-301F-11D3-BF4B-00C04F79EFBC}") = "Tyuiu.LazutinVS.Sprint0.Task6.V0", "Tyuiu.LazutinVS.Sprint0.Task6.V0\Tyuiu.LazutinVS.Sprint0.Task6.V0.csproj", "{4DE4938F-B366-45BE-854C-3AB0FDCAF831}"
EndProject
Project("{FAE04EC0-301F-11D3-BF4B-00C04F79EFBC}") = "Tyuiu.LazutinVS.Sprint0.Task6.V0.Lib", "Tyuiu.LazutinVS.Sprint0.Task6.V0.Lib\Tyuiu.LazutinVS.Sprint0.Task6.V0.Lib.csproj", "{0F1CD99D-70CA-446C-898F-3A152B2E283B}"
EndProject
Project("{FAE04EC0-301F-11D3-BF4B-00C04F79EFBC}") = "Tyuiu.LazutinVS.Sprint0.Task6.V0.Test", "Tyuiu.LazutinVS.Sprint0.Task6.V0.Test\Tyuiu.LazutinVS.Sprint0.Task6.V0.Test.csproj", "{495DF34C-3F0F-4508-BB3C-1BD7BF293718}"
EndProject
Project("{FAE04EC0-301F-11D3-BF4B-00C04F79EFBC}") = "Tyuiu.LazutinVS.Sprint0.Task7.V0", "Tyuiu.LazutinVS.Sprint0.Task7.V0\Tyuiu.LazutinVS.Sprint0.Task7.V0.csproj", "{AC08430A-21AC-455C-8FBA-B6E50B84CEF5}"
EndProject
Project("{FAE04EC0-301F-11D3-BF4B-00C04F79EFBC}") = "Tyuiu.LazutinVS.Sprint0.Task7.V0.Lib", "Tyuiu.LazutinVS.Sprint0.Task7.V0.Lib\Tyuiu.LazutinVS.Sprint0.Task7.V0.Lib.csproj", "{890A767B-071D-4C05-87D5-2780C3D98445}"
EndProject
Project("{FAE04EC0-301F-11D3-BF4B-00C04F79EFBC}") = "Tyuiu.LazutinVS.Sprint0.Task7.V0.Test", "Tyuiu.LazutinVS.Sprint0.Task7.V0.Test\Tyuiu.LazutinVS.Sprint0.Task7.V0.Test.csproj", "{16375D51-9139-45B1-88F5-727753CB3550}"
EndProject
Global
	GlobalSection(SolutionConfigurationPlatforms) = preSolution
		Debug|Any CPU = Debug|Any CPU
		Release|Any CPU = Release|Any CPU
	EndGlobalSection
	GlobalSection(ProjectConfigurationPlatforms) = postSolution
		{62F09DE8-E446-4DBD-89FF-15D6A2C61AA5}.Debug|Any CPU.ActiveCfg = Debug|Any CPU
		{62F09DE8-E446-4DBD-89FF-15D6A2C61AA5}.Debug|Any CPU.Build.0 = Debug|Any CPU
		{62F09DE8-E446-4DBD-89FF-15D6A2C61AA5}.Release|Any CPU.ActiveCfg = Release|Any CPU
		{62F09DE8-E446-4DBD-89FF-15D6A2C61AA5}.Release|Any CPU.Build.0 = Release|Any CPU
		{53327F43-9EDF-41B9-8B00-0EFC7F66B273}.Debug|Any CPU.ActiveCfg = Debug|Any CPU
		{53327F43-9EDF-41B9-8B00-0EFC7F66B273}.Debug|Any CPU.Build.0 = Debug|Any CPU
		{53327F43-9EDF-41B9-8B00-0EFC7F66B273}.Release|Any CPU.ActiveCfg = Release|Any CPU
		{53327F43-9EDF-41B9-8B00-0EFC7F66B273}.Release|Any CPU.Build.0 = Release|Any CPU
		{667A4ABB-1CEB-4AD4-ADC3-659173BCC2AC}.Debug|Any CPU.ActiveCfg = Debug|Any CPU
		{667A4ABB-1CEB-4AD4-ADC3-659173BCC2AC}.Debug|Any CPU.Build.0 = Debug|Any CPU
		{667A4ABB-1CEB-4AD4-ADC3-659173BCC2AC}.Release|Any CPU.ActiveCfg = Release|Any CPU
		{667A4ABB-1CEB-4AD4-ADC3-659173BCC2AC}.Release|Any CPU.Build.0 = Release|Any CPU
		{B5BA2740-1D4D-450F-A4A1-8071F42206EF}.Debug|Any CPU.ActiveCfg = Debug|Any CPU
		{B5BA2740-1D4D-450F-A4A1-8071F42206EF}.Debug|Any CPU.Build.0 = Debug|Any CPU
		{B5BA2740-1D4D-450F-A4A1-8071F42206EF}.Release|Any CPU.ActiveCfg = Release|Any CPU
		{B5BA2740-1D4D-450F-A4A1-8071F42206EF}.Release|Any CPU.Build.0 = Release|Any CPU
		{574798E5-C7CF-46BB-813B-00258676783B}.Debug|Any CPU.ActiveCfg = Debug|Any CPU
		{574798E5-C7CF-46BB-813B-00258676783B}.Debug|Any CPU.Build.0 = Debug|Any CPU
		{574798E5-C7CF-46BB-813B-00258676783B}.Release|Any CPU.ActiveCfg = Release|Any CPU
		{574798E5-C7CF-46BB-813B-00258676783B}.Release|Any CPU.Build.0 = Release|Any CPU
		{1B819926-6D63-476B-B68B-635E40ED6BC4}.Debug|Any CPU.ActiveCfg = Debug|Any CPU
		{1B819926-6D63-476B-B68B-635E40ED6BC4}.Debug|Any CPU.Build.0 = Debug|Any CPU
		{1B819926-6D63-476B-B68B-635E40ED6BC4}.Release|Any CPU.ActiveCfg = Release|Any CPU
		{1B819926-6D63-476B-B68B-635E40ED6BC4}.Release|Any CPU.Build.0 = Release|Any CPU
		{DDA4A8C0-B1E8-4CE5-A2D8-D8C60D1F562C}.Debug|Any CPU.ActiveCfg = Debug|Any CPU
		{DDA4A8C0-B1E8-4CE5-A2D8-D8C60D1F562C}.Debug|Any CPU.Build.0 = Debug|Any CPU
		{DDA4A8C0-B1E8-4CE5-A2D8-D8C60D1F562C}.Release|Any CPU.ActiveCfg = Release|Any CPU
		{DDA4A8C0-B1E8-4CE5-A2D8-D8C60D1F562C}.Release|Any CPU.Build.0 = Release|Any CPU
		{313C6CB6-A676-480A-9A2D-48EDB46A5A98}.Debug|Any CPU.ActiveCfg = Debug|Any CPU
		{313C6CB6-A676-480A-9A2D-48EDB46A5A98}.Debug|Any CPU.Build.0 = Debug|Any CPU
		{313C6CB6-A676-480A-9A2D-48EDB46A5A98}.Release|Any CPU.ActiveCfg = Release|Any CPU
		{313C6CB6-A676-480A-9A2D-48EDB46A5A98}.Release|Any CPU.Build.0 = Release|Any CPU
		{5FC76CFC-8AD6-4C95-900C-49188BBAE9FE}.Debug|Any CPU.ActiveCfg = Debug|Any CPU
		{5FC76CFC-8AD6-4C95-900C-49188BBAE9FE}.Debug|Any CPU.Build.0 = Debug|Any CPU
		{5FC76CFC-8AD6-4C95-900C-49188BBAE9FE}.Release|Any CPU.ActiveCfg = Release|Any CPU
		{5FC76CFC-8AD6-4C95-900C-49188BBAE9FE}.Release|Any CPU.Build.0 = Release|Any CPU
		{901F6C21-6391-404D-A14C-198F3E0D18E5}.Debug|Any CPU.ActiveCfg = Debug|Any CPU
		{901F6C21-6391-404D-A14C-198F3E0D18E5}.Debug|Any CPU.Build.0 = Debug|Any CPU
		{901F6C21-6391-404D-A14C-198F3E0D18E5}.Release|Any CPU.ActiveCfg = Release|Any CPU
		{901F6C21-6391-404D-A14C-198F3E0D18E5}.Release|Any CPU.Build.0 = Release|Any CPU
		{4C6D1C55-E184-4A99-B972-D4B1299B4EAD}.Debug|Any CPU.ActiveCfg = Debug|Any CPU
		{4C6D1C55-E184-4A99-B972-D4B1299B4EAD}.Debug|Any CPU.Build.0 = Debug|Any CPU
		{4C6D1C55-E184-4A99-B972-D4B1299B4EAD}.Release|Any CPU.ActiveCfg = Release|Any CPU
		{4C6D1C55-E184-4A99-B972-D4B1299B4EAD}.Release|Any CPU.Build.0 = Release|Any CPU
		{FC5FDB1C-54CF-4746-9741-90016EF54DF7}.Debug|Any CPU.ActiveCfg = Debug|Any CPU
		{FC5FDB1C-54CF-4746-9741-90016EF54DF7}.Debug|Any CPU.Build.0 = Debug|Any CPU
		{FC5FDB1C-54CF-4746-9741-90016EF54DF7}.Release|Any CPU.ActiveCfg = Release|Any CPU
		{FC5FDB1C-54CF-4746-9741-90016EF54DF7}.Release|Any CPU.Build.0 = Release|Any CPU
		{0862E206-3AF9-4A7F-9F60-E5839970D168}.Debug|Any CPU.ActiveCfg = Debug|Any CPU
		{0862E206-3AF9-4A7F-9F60-E5839970D168}.Debug|Any CPU.Build.0 = Debug|Any CPU
		{0862E206-3AF9-4A7F-9F60-E5839970D168}.Release|Any CPU.ActiveCfg = Release|Any CPU
		{0862E206-3AF9-4A7F-9F60-E5839970D168}.Release|Any CPU.Build.0 = Release|Any CPU
		{B71616CE-1E49-46F2-AA8A-FE1C7CD6FDC0}.Debug|Any CPU.ActiveCfg = Debug|Any CPU
		{B71616CE-1E49-46F2-AA8A-FE1C7CD6FDC0}.Debug|Any CPU.Build.0 = Debug|Any CPU
		{B71616CE-1E49-46F2-AA8A-FE1C7CD6FDC0}.Release|Any CPU.ActiveCfg = Release|Any CPU
		{B71616CE-1E49-46F2-AA8A-FE1C7CD6FDC0}.Release|Any CPU.Build.0 = Release|Any CPU
		{4DE4938F-B366-45BE-854C-3AB0FDCAF831}.Debug|Any CPU.ActiveCfg = Debug|Any CPU
		{4DE4938F-B366-45BE-854C-3AB0FDCAF831}.Debug|Any CPU.Build.0 = Debug|Any CPU
		{4DE4938F-B366-45BE-854C-3AB0FDCAF831}.Release|Any CPU.ActiveCfg = Release|Any CPU
		{4DE4938F-B366-45BE-854C-3AB0FDCAF831}.Release|Any CPU.Build.0 = Release|Any CPU
		{0F1CD99D-70CA-446C-898F-3A152B2E283B}.Debug|Any CPU.ActiveCfg = Debug|Any CPU
		{0F1CD99D-70CA-446C-898F-3A152B2E283B}.Debug|Any CPU.Build.0 = Debug|Any CPU
		{0F1CD99D-70CA-446C-898F-3A152B2E283B}.Release|Any CPU.ActiveCfg = Release|Any CPU
		{0F1CD99D-70CA-446C-898F-3A152B2E283B}.Release|Any CPU.Build.0 = Release|Any CPU
		{495DF34C-3F0F-4508-BB3C-1BD7BF293718}.Debug|Any CPU.ActiveCfg = Debug|Any CPU
		{495DF34C-3F0F-4508-BB3C-1BD7BF293718}.Debug|Any CPU.Build.0 = Debug|Any CPU
		{495DF34C-3F0F-4508-BB3C-1BD7BF293718}.Release|Any CPU.ActiveCfg = Release|Any CPU
		{495DF34C-3F0F-4508-BB3C-1BD7BF293718}.Release|Any CPU.Build.0 = Release|Any CPU
		{AC08430A-21AC-455C-8FBA-B6E50B84CEF5}.Debug|Any CPU.ActiveCfg = Debug|Any CPU
		{AC08430A-21AC-455C-8FBA-B6E50B84CEF5}.Debug|Any CPU.Build.0 = Debug|Any CPU
		{AC08430A-21AC-455C-8FBA-B6E50B84CEF5}.Release|Any CPU.ActiveCfg = Release|Any CPU
		{AC08430A-21AC-455C-8FBA-B6E50B84CEF5}.Release|Any CPU.Build.0 = Release|Any CPU
		{890A767B-071D-4C05-87D5-2780C3D98445}.Debug|Any CPU.ActiveCfg = Debug|Any CPU
		{890A767B-071D-4C05-87D5-2780C3D98445}.Debug|Any CPU.Build.0 = Debug|Any CPU
		{890A767B-071D-4C05-87D5-2780C3D98445}.Release|Any CPU.ActiveCfg = Release|Any CPU
		{890A767B-071D-4C05-87D5-2780C3D98445}.Release|Any CPU.Build.0 = Release|Any CPU
		{16375D51-9139-45B1-88F5-727753CB3550}.Debug|Any CPU.ActiveCfg = Debug|Any CPU
		{16375D51-9139-45B1-88F5-727753CB3550}.Debug|Any CPU.Build.0 = Debug|Any CPU
		{16375D51-9139-45B1-88F5-727753CB3550}.Release|Any CPU.ActiveCfg = Release|Any CPU
		{16375D51-9139-45B1-88F5-727753CB3550}.Release|Any CPU.Build.0 = Release|Any CPU
	EndGlobalSection
	GlobalSection(SolutionProperties) = preSolution
		HideSolutionNode = FALSE
	EndGlobalSection
	GlobalSection(NestedProjects) = preSolution
		{62F09DE8-E446-4DBD-89FF-15D6A2C61AA5} = {36D591C7-65C7-A0D1-1CBC-10CDE441BDC8}
		{53327F43-9EDF-41B9-8B00-0EFC7F66B273} = {29621999-0A49-4112-A7A6-F09C94B26DE1}
		{667A4ABB-1CEB-4AD4-ADC3-659173BCC2AC} = {A143FE47-73A9-47DE-98DE-F4660B6088CB}
		{B5BA2740-1D4D-450F-A4A1-8071F42206EF} = {A143FE47-73A9-47DE-98DE-F4660B6088CB}
		{574798E5-C7CF-46BB-813B-00258676783B} = {A143FE47-73A9-47DE-98DE-F4660B6088CB}
		{1B819926-6D63-476B-B68B-635E40ED6BC4} = {225D3AA4-D1CB-4FA2-8964-165E77542112}
		{DDA4A8C0-B1E8-4CE5-A2D8-D8C60D1F562C} = {225D3AA4-D1CB-4FA2-8964-165E77542112}
		{313C6CB6-A676-480A-9A2D-48EDB46A5A98} = {225D3AA4-D1CB-4FA2-8964-165E77542112}
		{5FC76CFC-8AD6-4C95-900C-49188BBAE9FE} = {5C8B41BE-FBA1-4E74-9DAC-189992521B9A}
		{901F6C21-6391-404D-A14C-198F3E0D18E5} = {5C8B41BE-FBA1-4E74-9DAC-189992521B9A}
		{4C6D1C55-E184-4A99-B972-D4B1299B4EAD} = {5C8B41BE-FBA1-4E74-9DAC-189992521B9A}
		{FC5FDB1C-54CF-4746-9741-90016EF54DF7} = {77AF9199-B66A-4410-A3A6-B8834B9613DC}
		{0862E206-3AF9-4A7F-9F60-E5839970D168} = {77AF9199-B66A-4410-A3A6-B8834B9613DC}
		{B71616CE-1E49-46F2-AA8A-FE1C7CD6FDC0} = {77AF9199-B66A-4410-A3A6-B8834B9613DC}
		{4DE4938F-B366-45BE-854C-3AB0FDCAF831} = {32D6AA7A-AD24-40A5-8292-E4189E04E056}
		{0F1CD99D-70CA-446C-898F-3A152B2E283B} = {32D6AA7A-AD24-40A5-8292-E4189E04E056}
		{495DF34C-3F0F-4508-BB3C-1BD7BF293718} = {32D6AA7A-AD24-40A5-8292-E4189E04E056}
		{AC08430A-21AC-455C-8FBA-B6E50B84CEF5} = {C0745066-CBBC-41BC-8324-8B5DB663CC65}
		{890A767B-071D-4C05-87D5-2780C3D98445} = {C0745066-CBBC-41BC-8324-8B5DB663CC65}
		{16375D51-9139-45B1-88F5-727753CB3550} = {C0745066-CBBC-41BC-8324-8B5DB663CC65}
	EndGlobalSection
	GlobalSection(ExtensibilityGlobals) = postSolution
		SolutionGuid = {1368CF93-9035-43E0-8D6C-AD88D3BBA14F}
	EndGlobalSection
EndGlobal
