
Microsoft Visual Studio Solution File, Format Version 12.00
# Visual Studio Version 17
VisualStudioVersion = 17.14.36414.22
MinimumVisualStudioVersion = 10.0.40219.1
Project("{2150E333-8FDC-42A3-9474-1A3956D46DE8}") = "Task0", "Task0", "{36D591C7-65C7-A0D1-1CBC-10CDE441BDC8}"
EndProject
Project("{FAE04EC0-301F-11D3-BF4B-00C04F79EFBC}") = "Tyuiu.LazutinVS.Sprint0.Task0.V0", "Tyuiu.LazutinVS.Sprint0.Task0.V0\Tyuiu.LazutinVS.Sprint0.Task0.V0.csproj", "{8E15A509-15F4-43E8-9F62-D48CEACA62C6}"
EndProject
Project("{2150E333-8FDC-42A3-9474-1A3956D46DE8}") = "Task1", "Task1", "{29621999-0A49-4112-A7A6-F09C94B26DE1}"
EndProject
Project("{FAE04EC0-301F-11D3-BF4B-00C04F79EFBC}") = "Tyuiu.LazutinVS.Sprint0.Task1.V0", "Tyuiu.LazutinVS.Sprint0.Task1.V0\Tyuiu.LazutinVS.Sprint0.Task1.V0.csproj", "{8DC430E3-4834-4F4B-A2AC-7D335207F073}"
EndProject
Project("{2150E333-8FDC-42A3-9474-1A3956D46DE8}") = "Task2", "Task2", "{A143FE47-73A9-47DE-98DE-F4660B6088CB}"
EndProject
Project("{FAE04EC0-301F-11D3-BF4B-00C04F79EFBC}") = "Tyuiu.LazutinVS.Sprint0.Task2.V0", "Tyuiu.LazutinVS.Sprint0.Task2.V0\Tyuiu.LazutinVS.Sprint0.Task2.V0.csproj", "{D5443656-ABB1-490C-BBB8-A27E687DB8B0}"
EndProject
Project("{FAE04EC0-301F-11D3-BF4B-00C04F79EFBC}") = "Tyuiu.LazutinVS.Sprint0.Task2.V0.Test", "Tyuiu.LazutinVS.Sprint0.Task2.V0.Test\Tyuiu.LazutinVS.Sprint0.Task2.V0.Test.csproj", "{2153B248-A9A7-45B8-8908-4EABBBA11AC2}"
EndProject
Project("{FAE04EC0-301F-11D3-BF4B-00C04F79EFBC}") = "Tyuiu.LazutinVS.Sprint0.Task2.V0.Lib", "Tyuiu.LazutinVS.Sprint0.Task2.V0.Lib\Tyuiu.LazutinVS.Sprint0.Task2.V0.Lib.csproj", "{D1038594-79C4-42A2-BBC0-1F7A36B700AE}"
EndProject
Project("{2150E333-8FDC-42A3-9474-1A3956D46DE8}") = "Task3", "Task3", "{225D3AA4-D1CB-4FA2-8964-165E77542112}"
EndProject
Project("{FAE04EC0-301F-11D3-BF4B-00C04F79EFBC}") = "Tyuiu.LazutinVS.Sprint0.Task3.V0", "Tyuiu.LazutinVS.Sprint0.Task3.V0\Tyuiu.LazutinVS.Sprint0.Task3.V0.csproj", "{C07E3008-F6C3-4D17-8785-FDF71A34B4B0}"
EndProject
Project("{FAE04EC0-301F-11D3-BF4B-00C04F79EFBC}") = "Tyuiu.LazutinVS.Sprint0.Task3.V0.Lib", "Tyuiu.LazutinVS.Sprint0.Task3.V0.Lib\Tyuiu.LazutinVS.Sprint0.Task3.V0.Lib.csproj", "{38F39E45-8B4C-45FB-924D-418ACDE8C3E7}"
EndProject
Project("{FAE04EC0-301F-11D3-BF4B-00C04F79EFBC}") = "Tyuiu.LazutinVS.Sprint0.Task3.V0.Test", "Tyuiu.LazutinVS.Sprint0.Task3.V0.Test\Tyuiu.LazutinVS.Sprint0.Task3.V0.Test.csproj", "{E93115B9-C6C7-476A-B40B-28B8FD3F8F26}"
EndProject
Project("{2150E333-8FDC-42A3-9474-1A3956D46DE8}") = "Task4", "Task4", "{5C8B41BE-FBA1-4E74-9DAC-189992521B9A}"
EndProject
Project("{FAE04EC0-301F-11D3-BF4B-00C04F79EFBC}") = "Tyuiu.LazutinVS.Sprint0.Task4.V0.Test", "Tyuiu.LazutinVS.Sprint0.Task4.V0.Test\Tyuiu.LazutinVS.Sprint0.Task4.V0.Test.csproj", "{0471DD0E-0A42-4D08-AEA9-4F3C14D9DA65}"
EndProject
Project("{FAE04EC0-301F-11D3-BF4B-00C04F79EFBC}") = "Tyuiu.LazutinVS.Sprint0.Task4.V0.Lib", "Tyuiu.LazutinVS.Sprint0.Task4.V0.Lib\Tyuiu.LazutinVS.Sprint0.Task4.V0.Lib.csproj", "{FCF8D7ED-D95C-446F-992A-200DC40F6A9A}"
EndProject
Project("{FAE04EC0-301F-11D3-BF4B-00C04F79EFBC}") = "Tyuiu.LazutinVS.Sprint0.Task4.V0", "Tyuiu.LazutinVS.Sprint0.Task4.V0\Tyuiu.LazutinVS.Sprint0.Task4.V0.csproj", "{92E4EA0B-3E32-4192-A4F0-2A77119E356E}"
EndProject
Project("{2150E333-8FDC-42A3-9474-1A3956D46DE8}") = "Task5", "Task5", "{77AF9199-B66A-4410-A3A6-B8834B9613DC}"
EndProject
Project("{FAE04EC0-301F-11D3-BF4B-00C04F79EFBC}") = "Tyuiu.LazutinVS.Sprint0.Task5.V0", "Tyuiu.LazutinVS.Sprint0.Task5.V0\Tyuiu.LazutinVS.Sprint0.Task5.V0.csproj", "{03BCA5B6-0F71-4EEC-94DA-EC108BDDB055}"
EndProject
Project("{FAE04EC0-301F-11D3-BF4B-00C04F79EFBC}") = "Tyuiu.LazutinVS.Sprint0.Task5.V0.Lib", "Tyuiu.LazutinVS.Sprint0.Task5.V0.Lib\Tyuiu.LazutinVS.Sprint0.Task5.V0.Lib.csproj", "{7B0ECFE4-E547-4D2A-9A19-A3E805A0D44B}"
EndProject
Project("{FAE04EC0-301F-11D3-BF4B-00C04F79EFBC}") = "Tyuiu.LazutinVS.Sprint0.Task5.V0.Test", "Tyuiu.LazutinVS.Sprint0.Task5.V0.Test\Tyuiu.LazutinVS.Sprint0.Task5.V0.Test.csproj", "{8B71FDDA-8B1D-4C58-9E71-5F90585712D7}"
EndProject
Global
	GlobalSection(SolutionConfigurationPlatforms) = preSolution
		Debug|Any CPU = Debug|Any CPU
		Release|Any CPU = Release|Any CPU
	EndGlobalSection
	GlobalSection(ProjectConfigurationPlatforms) = postSolution
		{8E15A509-15F4-43E8-9F62-D48CEACA62C6}.Debug|Any CPU.ActiveCfg = Debug|Any CPU
		{8E15A509-15F4-43E8-9F62-D48CEACA62C6}.Debug|Any CPU.Build.0 = Debug|Any CPU
		{8E15A509-15F4-43E8-9F62-D48CEACA62C6}.Release|Any CPU.ActiveCfg = Release|Any CPU
		{8E15A509-15F4-43E8-9F62-D48CEACA62C6}.Release|Any CPU.Build.0 = Release|Any CPU
		{8DC430E3-4834-4F4B-A2AC-7D335207F073}.Debug|Any CPU.ActiveCfg = Debug|Any CPU
		{8DC430E3-4834-4F4B-A2AC-7D335207F073}.Debug|Any CPU.Build.0 = Debug|Any CPU
		{8DC430E3-4834-4F4B-A2AC-7D335207F073}.Release|Any CPU.ActiveCfg = Release|Any CPU
		{8DC430E3-4834-4F4B-A2AC-7D335207F073}.Release|Any CPU.Build.0 = Release|Any CPU
		{D5443656-ABB1-490C-BBB8-A27E687DB8B0}.Debug|Any CPU.ActiveCfg = Debug|Any CPU
		{D5443656-ABB1-490C-BBB8-A27E687DB8B0}.Debug|Any CPU.Build.0 = Debug|Any CPU
		{D5443656-ABB1-490C-BBB8-A27E687DB8B0}.Release|Any CPU.ActiveCfg = Release|Any CPU
		{D5443656-ABB1-490C-BBB8-A27E687DB8B0}.Release|Any CPU.Build.0 = Release|Any CPU
		{2153B248-A9A7-45B8-8908-4EABBBA11AC2}.Debug|Any CPU.ActiveCfg = Debug|Any CPU
		{2153B248-A9A7-45B8-8908-4EABBBA11AC2}.Debug|Any CPU.Build.0 = Debug|Any CPU
		{2153B248-A9A7-45B8-8908-4EABBBA11AC2}.Release|Any CPU.ActiveCfg = Release|Any CPU
		{2153B248-A9A7-45B8-8908-4EABBBA11AC2}.Release|Any CPU.Build.0 = Release|Any CPU
		{D1038594-79C4-42A2-BBC0-1F7A36B700AE}.Debug|Any CPU.ActiveCfg = Debug|Any CPU
		{D1038594-79C4-42A2-BBC0-1F7A36B700AE}.Debug|Any CPU.Build.0 = Debug|Any CPU
		{D1038594-79C4-42A2-BBC0-1F7A36B700AE}.Release|Any CPU.ActiveCfg = Release|Any CPU
		{D1038594-79C4-42A2-BBC0-1F7A36B700AE}.Release|Any CPU.Build.0 = Release|Any CPU
		{C07E3008-F6C3-4D17-8785-FDF71A34B4B0}.Debug|Any CPU.ActiveCfg = Debug|Any CPU
		{C07E3008-F6C3-4D17-8785-FDF71A34B4B0}.Debug|Any CPU.Build.0 = Debug|Any CPU
		{C07E3008-F6C3-4D17-8785-FDF71A34B4B0}.Release|Any CPU.ActiveCfg = Release|Any CPU
		{C07E3008-F6C3-4D17-8785-FDF71A34B4B0}.Release|Any CPU.Build.0 = Release|Any CPU
		{38F39E45-8B4C-45FB-924D-418ACDE8C3E7}.Debug|Any CPU.ActiveCfg = Debug|Any CPU
		{38F39E45-8B4C-45FB-924D-418ACDE8C3E7}.Debug|Any CPU.Build.0 = Debug|Any CPU
		{38F39E45-8B4C-45FB-924D-418ACDE8C3E7}.Release|Any CPU.ActiveCfg = Release|Any CPU
		{38F39E45-8B4C-45FB-924D-418ACDE8C3E7}.Release|Any CPU.Build.0 = Release|Any CPU
		{E93115B9-C6C7-476A-B40B-28B8FD3F8F26}.Debug|Any CPU.ActiveCfg = Debug|Any CPU
		{E93115B9-C6C7-476A-B40B-28B8FD3F8F26}.Debug|Any CPU.Build.0 = Debug|Any CPU
		{E93115B9-C6C7-476A-B40B-28B8FD3F8F26}.Release|Any CPU.ActiveCfg = Release|Any CPU
		{E93115B9-C6C7-476A-B40B-28B8FD3F8F26}.Release|Any CPU.Build.0 = Release|Any CPU
		{0471DD0E-0A42-4D08-AEA9-4F3C14D9DA65}.Debug|Any CPU.ActiveCfg = Debug|Any CPU
		{0471DD0E-0A42-4D08-AEA9-4F3C14D9DA65}.Debug|Any CPU.Build.0 = Debug|Any CPU
		{0471DD0E-0A42-4D08-AEA9-4F3C14D9DA65}.Release|Any CPU.ActiveCfg = Release|Any CPU
		{0471DD0E-0A42-4D08-AEA9-4F3C14D9DA65}.Release|Any CPU.Build.0 = Release|Any CPU
		{FCF8D7ED-D95C-446F-992A-200DC40F6A9A}.Debug|Any CPU.ActiveCfg = Debug|Any CPU
		{FCF8D7ED-D95C-446F-992A-200DC40F6A9A}.Debug|Any CPU.Build.0 = Debug|Any CPU
		{FCF8D7ED-D95C-446F-992A-200DC40F6A9A}.Release|Any CPU.ActiveCfg = Release|Any CPU
		{FCF8D7ED-D95C-446F-992A-200DC40F6A9A}.Release|Any CPU.Build.0 = Release|Any CPU
		{92E4EA0B-3E32-4192-A4F0-2A77119E356E}.Debug|Any CPU.ActiveCfg = Debug|Any CPU
		{92E4EA0B-3E32-4192-A4F0-2A77119E356E}.Debug|Any CPU.Build.0 = Debug|Any CPU
		{92E4EA0B-3E32-4192-A4F0-2A77119E356E}.Release|Any CPU.ActiveCfg = Release|Any CPU
		{92E4EA0B-3E32-4192-A4F0-2A77119E356E}.Release|Any CPU.Build.0 = Release|Any CPU
		{03BCA5B6-0F71-4EEC-94DA-EC108BDDB055}.Debug|Any CPU.ActiveCfg = Debug|Any CPU
		{03BCA5B6-0F71-4EEC-94DA-EC108BDDB055}.Debug|Any CPU.Build.0 = Debug|Any CPU
		{03BCA5B6-0F71-4EEC-94DA-EC108BDDB055}.Release|Any CPU.ActiveCfg = Release|Any CPU
		{03BCA5B6-0F71-4EEC-94DA-EC108BDDB055}.Release|Any CPU.Build.0 = Release|Any CPU
		{7B0ECFE4-E547-4D2A-9A19-A3E805A0D44B}.Debug|Any CPU.ActiveCfg = Debug|Any CPU
		{7B0ECFE4-E547-4D2A-9A19-A3E805A0D44B}.Debug|Any CPU.Build.0 = Debug|Any CPU
		{7B0ECFE4-E547-4D2A-9A19-A3E805A0D44B}.Release|Any CPU.ActiveCfg = Release|Any CPU
		{7B0ECFE4-E547-4D2A-9A19-A3E805A0D44B}.Release|Any CPU.Build.0 = Release|Any CPU
		{8B71FDDA-8B1D-4C58-9E71-5F90585712D7}.Debug|Any CPU.ActiveCfg = Debug|Any CPU
		{8B71FDDA-8B1D-4C58-9E71-5F90585712D7}.Debug|Any CPU.Build.0 = Debug|Any CPU
		{8B71FDDA-8B1D-4C58-9E71-5F90585712D7}.Release|Any CPU.ActiveCfg = Release|Any CPU
		{8B71FDDA-8B1D-4C58-9E71-5F90585712D7}.Release|Any CPU.Build.0 = Release|Any CPU
	EndGlobalSection
	GlobalSection(SolutionProperties) = preSolution
		HideSolutionNode = FALSE
	EndGlobalSection
	GlobalSection(NestedProjects) = preSolution
		{8E15A509-15F4-43E8-9F62-D48CEACA62C6} = {36D591C7-65C7-A0D1-1CBC-10CDE441BDC8}
		{8DC430E3-4834-4F4B-A2AC-7D335207F073} = {29621999-0A49-4112-A7A6-F09C94B26DE1}
		{D5443656-ABB1-490C-BBB8-A27E687DB8B0} = {A143FE47-73A9-47DE-98DE-F4660B6088CB}
		{2153B248-A9A7-45B8-8908-4EABBBA11AC2} = {A143FE47-73A9-47DE-98DE-F4660B6088CB}
		{D1038594-79C4-42A2-BBC0-1F7A36B700AE} = {A143FE47-73A9-47DE-98DE-F4660B6088CB}
		{C07E3008-F6C3-4D17-8785-FDF71A34B4B0} = {225D3AA4-D1CB-4FA2-8964-165E77542112}
		{38F39E45-8B4C-45FB-924D-418ACDE8C3E7} = {225D3AA4-D1CB-4FA2-8964-165E77542112}
		{E93115B9-C6C7-476A-B40B-28B8FD3F8F26} = {225D3AA4-D1CB-4FA2-8964-165E77542112}
		{0471DD0E-0A42-4D08-AEA9-4F3C14D9DA65} = {5C8B41BE-FBA1-4E74-9DAC-189992521B9A}
		{FCF8D7ED-D95C-446F-992A-200DC40F6A9A} = {5C8B41BE-FBA1-4E74-9DAC-189992521B9A}
		{92E4EA0B-3E32-4192-A4F0-2A77119E356E} = {5C8B41BE-FBA1-4E74-9DAC-189992521B9A}
		{03BCA5B6-0F71-4EEC-94DA-EC108BDDB055} = {77AF9199-B66A-4410-A3A6-B8834B9613DC}
		{7B0ECFE4-E547-4D2A-9A19-A3E805A0D44B} = {77AF9199-B66A-4410-A3A6-B8834B9613DC}
		{8B71FDDA-8B1D-4C58-9E71-5F90585712D7} = {77AF9199-B66A-4410-A3A6-B8834B9613DC}
	EndGlobalSection
	GlobalSection(ExtensibilityGlobals) = postSolution
		SolutionGuid = {1368CF93-9035-43E0-8D6C-AD88D3BBA14F}
	EndGlobalSection
EndGlobal
